
Microsoft Visual Studio Solution File, Format Version 12.00
# Visual Studio Version 16
VisualStudioVersion = 16.0.31702.278
MinimumVisualStudioVersion = 10.0.40219.1
Project("{FAE04EC0-301F-11D3-BF4B-00C04F79EFBC}") = "Варіант 4", "Варіант 4\Варіант 4.csproj", "{512DD6F3-D03C-406E-9ED1-01F3397C94C2}"
EndProject
Global
	GlobalSection(SolutionConfigurationPlatforms) = preSolution
		Debug|Any CPU = Debug|Any CPU
		Release|Any CPU = Release|Any CPU
	EndGlobalSection
	GlobalSection(ProjectConfigurationPlatforms) = postSolution
		{512DD6F3-D03C-406E-9ED1-01F3397C94C2}.Debug|Any CPU.ActiveCfg = Debug|Any CPU
		{512DD6F3-D03C-406E-9ED1-01F3397C94C2}.Debug|Any CPU.Build.0 = Debug|Any CPU
		{512DD6F3-D03C-406E-9ED1-01F3397C94C2}.Release|Any CPU.ActiveCfg = Release|Any CPU
		{512DD6F3-D03C-406E-9ED1-01F3397C94C2}.Release|Any CPU.Build.0 = Release|Any CPU
	EndGlobalSection
	GlobalSection(SolutionProperties) = preSolution
		HideSolutionNode = FALSE
	EndGlobalSection
	GlobalSection(ExtensibilityGlobals) = postSolution
		SolutionGuid = {BB7BC520-0D90-455E-A4E0-98F0CB880B44}
	EndGlobalSection
EndGlobal
